// !$*UTF8*$!
{
	archiveVersion = 1;
	classes = {
	};
	objectVersion = 56;
	objects = {

/* Begin PBXBuildFile section */
		68DE873F20FDAFC6597A7332 /* Pods_TestShopApp.framework in Frameworks */ = {isa = PBXBuildFile; fileRef = 65754A3A40C2DEE14248B4A2 /* Pods_TestShopApp.framework */; };
		84C3315729C2373600622496 /* AppDelegate.swift in Sources */ = {isa = PBXBuildFile; fileRef = 84C3315629C2373600622496 /* AppDelegate.swift */; };
		84C3315929C2373600622496 /* SceneDelegate.swift in Sources */ = {isa = PBXBuildFile; fileRef = 84C3315829C2373600622496 /* SceneDelegate.swift */; };
		84C3315B29C2373600622496 /* ViewController.swift in Sources */ = {isa = PBXBuildFile; fileRef = 84C3315A29C2373600622496 /* ViewController.swift */; };
		84C3315E29C2373600622496 /* Main.storyboard in Resources */ = {isa = PBXBuildFile; fileRef = 84C3315C29C2373600622496 /* Main.storyboard */; };
		84C3316129C2373600622496 /* TestShopApp.xcdatamodeld in Sources */ = {isa = PBXBuildFile; fileRef = 84C3315F29C2373600622496 /* TestShopApp.xcdatamodeld */; };
		84C3316329C2373800622496 /* Assets.xcassets in Resources */ = {isa = PBXBuildFile; fileRef = 84C3316229C2373800622496 /* Assets.xcassets */; };
		84C3316629C2373800622496 /* LaunchScreen.storyboard in Resources */ = {isa = PBXBuildFile; fileRef = 84C3316429C2373800622496 /* LaunchScreen.storyboard */; };
		84C3316F29C2394E00622496 /* .swiftlint.yml in Resources */ = {isa = PBXBuildFile; fileRef = 84C3316E29C2394E00622496 /* .swiftlint.yml */; };
/* End PBXBuildFile section */

/* Begin PBXFileReference section */
		3CA8B46CAE0069FFA1BFFCA2 /* Pods-TestShopApp.release.xcconfig */ = {isa = PBXFileReference; includeInIndex = 1; lastKnownFileType = text.xcconfig; name = "Pods-TestShopApp.release.xcconfig"; path = "Target Support Files/Pods-TestShopApp/Pods-TestShopApp.release.xcconfig"; sourceTree = "<group>"; };
		65754A3A40C2DEE14248B4A2 /* Pods_TestShopApp.framework */ = {isa = PBXFileReference; explicitFileType = wrapper.framework; includeInIndex = 0; path = Pods_TestShopApp.framework; sourceTree = BUILT_PRODUCTS_DIR; };
		84C3315329C2373600622496 /* TestShopApp.app */ = {isa = PBXFileReference; explicitFileType = wrapper.application; includeInIndex = 0; path = TestShopApp.app; sourceTree = BUILT_PRODUCTS_DIR; };
		84C3315629C2373600622496 /* AppDelegate.swift */ = {isa = PBXFileReference; lastKnownFileType = sourcecode.swift; path = AppDelegate.swift; sourceTree = "<group>"; };
		84C3315829C2373600622496 /* SceneDelegate.swift */ = {isa = PBXFileReference; lastKnownFileType = sourcecode.swift; path = SceneDelegate.swift; sourceTree = "<group>"; };
		84C3315A29C2373600622496 /* ViewController.swift */ = {isa = PBXFileReference; lastKnownFileType = sourcecode.swift; path = ViewController.swift; sourceTree = "<group>"; };
		84C3315D29C2373600622496 /* Base */ = {isa = PBXFileReference; lastKnownFileType = file.storyboard; name = Base; path = Base.lproj/Main.storyboard; sourceTree = "<group>"; };
		84C3316029C2373600622496 /* TestShopApp.xcdatamodel */ = {isa = PBXFileReference; lastKnownFileType = wrapper.xcdatamodel; path = TestShopApp.xcdatamodel; sourceTree = "<group>"; };
		84C3316229C2373800622496 /* Assets.xcassets */ = {isa = PBXFileReference; lastKnownFileType = folder.assetcatalog; path = Assets.xcassets; sourceTree = "<group>"; };
		84C3316529C2373800622496 /* Base */ = {isa = PBXFileReference; lastKnownFileType = file.storyboard; name = Base; path = Base.lproj/LaunchScreen.storyboard; sourceTree = "<group>"; };
		84C3316729C2373800622496 /* Info.plist */ = {isa = PBXFileReference; lastKnownFileType = text.plist.xml; path = Info.plist; sourceTree = "<group>"; };
		84C3316E29C2394E00622496 /* .swiftlint.yml */ = {isa = PBXFileReference; lastKnownFileType = text.yaml; path = .swiftlint.yml; sourceTree = "<group>"; };
		DB152144A0CDB15C6280B85F /* Pods-TestShopApp.debug.xcconfig */ = {isa = PBXFileReference; includeInIndex = 1; lastKnownFileType = text.xcconfig; name = "Pods-TestShopApp.debug.xcconfig"; path = "Target Support Files/Pods-TestShopApp/Pods-TestShopApp.debug.xcconfig"; sourceTree = "<group>"; };
/* End PBXFileReference section */

/* Begin PBXFrameworksBuildPhase section */
		84C3315029C2373600622496 /* Frameworks */ = {
			isa = PBXFrameworksBuildPhase;
			buildActionMask = 2147483647;
			files = (
				68DE873F20FDAFC6597A7332 /* Pods_TestShopApp.framework in Frameworks */,
			);
			runOnlyForDeploymentPostprocessing = 0;
		};
/* End PBXFrameworksBuildPhase section */

/* Begin PBXGroup section */
		12689B045BB1B8F17F6DCFD0 /* Frameworks */ = {
			isa = PBXGroup;
			children = (
				65754A3A40C2DEE14248B4A2 /* Pods_TestShopApp.framework */,
			);
			name = Frameworks;
			sourceTree = "<group>";
		};
		26B59BDB4D38265E9588CD04 /* Pods */ = {
			isa = PBXGroup;
			children = (
				DB152144A0CDB15C6280B85F /* Pods-TestShopApp.debug.xcconfig */,
				3CA8B46CAE0069FFA1BFFCA2 /* Pods-TestShopApp.release.xcconfig */,
			);
			path = Pods;
			sourceTree = "<group>";
		};
		84C3314A29C2373600622496 = {
			isa = PBXGroup;
			children = (
				84C3316E29C2394E00622496 /* .swiftlint.yml */,
				84C3315529C2373600622496 /* TestShopApp */,
				84C3315429C2373600622496 /* Products */,
				26B59BDB4D38265E9588CD04 /* Pods */,
				12689B045BB1B8F17F6DCFD0 /* Frameworks */,
			);
			sourceTree = "<group>";
		};
		84C3315429C2373600622496 /* Products */ = {
			isa = PBXGroup;
			children = (
				84C3315329C2373600622496 /* TestShopApp.app */,
			);
			name = Products;
			sourceTree = "<group>";
		};
		84C3315529C2373600622496 /* TestShopApp */ = {
			isa = PBXGroup;
			children = (
				84C3315629C2373600622496 /* AppDelegate.swift */,
				84C3315829C2373600622496 /* SceneDelegate.swift */,
				84C3315A29C2373600622496 /* ViewController.swift */,
				84C3315C29C2373600622496 /* Main.storyboard */,
				84C3316229C2373800622496 /* Assets.xcassets */,
				84C3316429C2373800622496 /* LaunchScreen.storyboard */,
				84C3316729C2373800622496 /* Info.plist */,
				84C3315F29C2373600622496 /* TestShopApp.xcdatamodeld */,
			);
			path = TestShopApp;
			sourceTree = "<group>";
		};
/* End PBXGroup section */

/* Begin PBXNativeTarget section */
		84C3315229C2373600622496 /* TestShopApp */ = {
			isa = PBXNativeTarget;
			buildConfigurationList = 84C3316A29C2373800622496 /* Build configuration list for PBXNativeTarget "TestShopApp" */;
			buildPhases = (
				4FE8D6329E20F4A5E01905DB /* [CP] Check Pods Manifest.lock */,
				84C3314F29C2373600622496 /* Sources */,
				84C3315029C2373600622496 /* Frameworks */,
				84C3315129C2373600622496 /* Resources */,
				BDA770130ADDC3F2393AB831 /* [CP] Embed Pods Frameworks */,
				84C3316D29C238D200622496 /* ShellScript */,
			);
			buildRules = (
			);
			dependencies = (
			);
			name = TestShopApp;
			productName = TestShopApp;
			productReference = 84C3315329C2373600622496 /* TestShopApp.app */;
			productType = "com.apple.product-type.application";
		};
/* End PBXNativeTarget section */

/* Begin PBXProject section */
		84C3314B29C2373600622496 /* Project object */ = {
			isa = PBXProject;
			attributes = {
				BuildIndependentTargetsInParallel = 1;
				LastSwiftUpdateCheck = 1420;
				LastUpgradeCheck = 1420;
				TargetAttributes = {
					84C3315229C2373600622496 = {
						CreatedOnToolsVersion = 14.2;
					};
				};
			};
			buildConfigurationList = 84C3314E29C2373600622496 /* Build configuration list for PBXProject "TestShopApp" */;
			compatibilityVersion = "Xcode 14.0";
			developmentRegion = en;
			hasScannedForEncodings = 0;
			knownRegions = (
				en,
				Base,
			);
			mainGroup = 84C3314A29C2373600622496;
			productRefGroup = 84C3315429C2373600622496 /* Products */;
			projectDirPath = "";
			projectRoot = "";
			targets = (
				84C3315229C2373600622496 /* TestShopApp */,
			);
		};
/* End PBXProject section */

/* Begin PBXResourcesBuildPhase section */
		84C3315129C2373600622496 /* Resources */ = {
			isa = PBXResourcesBuildPhase;
			buildActionMask = 2147483647;
			files = (
				84C3316F29C2394E00622496 /* .swiftlint.yml in Resources */,
				84C3316629C2373800622496 /* LaunchScreen.storyboard in Resources */,
				84C3316329C2373800622496 /* Assets.xcassets in Resources */,
				84C3315E29C2373600622496 /* Main.storyboard in Resources */,
			);
			runOnlyForDeploymentPostprocessing = 0;
		};
/* End PBXResourcesBuildPhase section */

/* Begin PBXShellScriptBuildPhase section */
		4FE8D6329E20F4A5E01905DB /* [CP] Check Pods Manifest.lock */ = {
			isa = PBXShellScriptBuildPhase;
			buildActionMask = 2147483647;
			files = (
			);
			inputFileListPaths = (
			);
			inputPaths = (
				"${PODS_PODFILE_DIR_PATH}/Podfile.lock",
				"${PODS_ROOT}/Manifest.lock",
			);
			name = "[CP] Check Pods Manifest.lock";
			outputFileListPaths = (
			);
			outputPaths = (
				"$(DERIVED_FILE_DIR)/Pods-TestShopApp-checkManifestLockResult.txt",
			);
			runOnlyForDeploymentPostprocessing = 0;
			shellPath = /bin/sh;
			shellScript = "diff \"${PODS_PODFILE_DIR_PATH}/Podfile.lock\" \"${PODS_ROOT}/Manifest.lock\" > /dev/null\nif [ $? != 0 ] ; then\n    # print error to STDERR\n    echo \"error: The sandbox is not in sync with the Podfile.lock. Run 'pod install' or update your CocoaPods installation.\" >&2\n    exit 1\nfi\n# This output is used by Xcode 'outputs' to avoid re-running this script phase.\necho \"SUCCESS\" > \"${SCRIPT_OUTPUT_FILE_0}\"\n";
			showEnvVarsInLog = 0;
		};
		84C3316D29C238D200622496 /* ShellScript */ = {
			isa = PBXShellScriptBuildPhase;
			buildActionMask = 2147483647;
			files = (
			);
			inputFileListPaths = (
			);
			inputPaths = (
			);
			outputFileListPaths = (
			);
			outputPaths = (
			);
			runOnlyForDeploymentPostprocessing = 0;
			shellPath = /bin/sh;
			shellScript = "\"${PODS_ROOT}/SwiftLint/swiftlint\"\n";
		};
		BDA770130ADDC3F2393AB831 /* [CP] Embed Pods Frameworks */ = {
			isa = PBXShellScriptBuildPhase;
			buildActionMask = 2147483647;
			files = (
			);
			inputFileListPaths = (
				"${PODS_ROOT}/Target Support Files/Pods-TestShopApp/Pods-TestShopApp-frameworks-${CONFIGURATION}-input-files.xcfilelist",
			);
			name = "[CP] Embed Pods Frameworks";
			outputFileListPaths = (
				"${PODS_ROOT}/Target Support Files/Pods-TestShopApp/Pods-TestShopApp-frameworks-${CONFIGURATION}-output-files.xcfilelist",
			);
			runOnlyForDeploymentPostprocessing = 0;
			shellPath = /bin/sh;
			shellScript = "\"${PODS_ROOT}/Target Support Files/Pods-TestShopApp/Pods-TestShopApp-frameworks.sh\"\n";
			showEnvVarsInLog = 0;
		};
/* End PBXShellScriptBuildPhase section */

/* Begin PBXSourcesBuildPhase section */
		84C3314F29C2373600622496 /* Sources */ = {
			isa = PBXSourcesBuildPhase;
			buildActionMask = 2147483647;
			files = (
				84C3315B29C2373600622496 /* ViewController.swift in Sources */,
				84C3315729C2373600622496 /* AppDelegate.swift in Sources */,
				84C3315929C2373600622496 /* SceneDelegate.swift in Sources */,
				84C3316129C2373600622496 /* TestShopApp.xcdatamodeld in Sources */,
			);
			runOnlyForDeploymentPostprocessing = 0;
		};
/* End PBXSourcesBuildPhase section */

/* Begin PBXVariantGroup section */
		84C3315C29C2373600622496 /* Main.storyboard */ = {
			isa = PBXVariantGroup;
			children = (
				84C3315D29C2373600622496 /* Base */,
			);
			name = Main.storyboard;
			sourceTree = "<group>";
		};
		84C3316429C2373800622496 /* LaunchScreen.storyboard */ = {
			isa = PBXVariantGroup;
			children = (
				84C3316529C2373800622496 /* Base */,
			);
			name = LaunchScreen.storyboard;
			sourceTree = "<group>";
		};
/* End PBXVariantGroup section */

/* Begin XCBuildConfiguration section */
		84C3316829C2373800622496 /* Debug */ = {
			isa = XCBuildConfiguration;
			buildSettings = {
				ALWAYS_SEARCH_USER_PATHS = NO;
				CLANG_ANALYZER_NONNULL = YES;
				CLANG_ANALYZER_NUMBER_OBJECT_CONVERSION = YES_AGGRESSIVE;
				CLANG_CXX_LANGUAGE_STANDARD = "gnu++20";
				CLANG_ENABLE_MODULES = YES;
				CLANG_ENABLE_OBJC_ARC = YES;
				CLANG_ENABLE_OBJC_WEAK = YES;
				CLANG_WARN_BLOCK_CAPTURE_AUTORELEASING = YES;
				CLANG_WARN_BOOL_CONVERSION = YES;
				CLANG_WARN_COMMA = YES;
				CLANG_WARN_CONSTANT_CONVERSION = YES;
				CLANG_WARN_DEPRECATED_OBJC_IMPLEMENTATIONS = YES;
				CLANG_WARN_DIRECT_OBJC_ISA_USAGE = YES_ERROR;
				CLANG_WARN_DOCUMENTATION_COMMENTS = YES;
				CLANG_WARN_EMPTY_BODY = YES;
				CLANG_WARN_ENUM_CONVERSION = YES;
				CLANG_WARN_INFINITE_RECURSION = YES;
				CLANG_WARN_INT_CONVERSION = YES;
				CLANG_WARN_NON_LITERAL_NULL_CONVERSION = YES;
				CLANG_WARN_OBJC_IMPLICIT_RETAIN_SELF = YES;
				CLANG_WARN_OBJC_LITERAL_CONVERSION = YES;
				CLANG_WARN_OBJC_ROOT_CLASS = YES_ERROR;
				CLANG_WARN_QUOTED_INCLUDE_IN_FRAMEWORK_HEADER = YES;
				CLANG_WARN_RANGE_LOOP_ANALYSIS = YES;
				CLANG_WARN_STRICT_PROTOTYPES = YES;
				CLANG_WARN_SUSPICIOUS_MOVE = YES;
				CLANG_WARN_UNGUARDED_AVAILABILITY = YES_AGGRESSIVE;
				CLANG_WARN_UNREACHABLE_CODE = YES;
				CLANG_WARN__DUPLICATE_METHOD_MATCH = YES;
				COPY_PHASE_STRIP = NO;
				DEBUG_INFORMATION_FORMAT = dwarf;
				ENABLE_STRICT_OBJC_MSGSEND = YES;
				ENABLE_TESTABILITY = YES;
				GCC_C_LANGUAGE_STANDARD = gnu11;
				GCC_DYNAMIC_NO_PIC = NO;
				GCC_NO_COMMON_BLOCKS = YES;
				GCC_OPTIMIZATION_LEVEL = 0;
				GCC_PREPROCESSOR_DEFINITIONS = (
					"DEBUG=1",
					"$(inherited)",
				);
				GCC_WARN_64_TO_32_BIT_CONVERSION = YES;
				GCC_WARN_ABOUT_RETURN_TYPE = YES_ERROR;
				GCC_WARN_UNDECLARED_SELECTOR = YES;
				GCC_WARN_UNINITIALIZED_AUTOS = YES_AGGRESSIVE;
				GCC_WARN_UNUSED_FUNCTION = YES;
				GCC_WARN_UNUSED_VARIABLE = YES;
				IPHONEOS_DEPLOYMENT_TARGET = 16.2;
				MTL_ENABLE_DEBUG_INFO = INCLUDE_SOURCE;
				MTL_FAST_MATH = YES;
				ONLY_ACTIVE_ARCH = YES;
				SDKROOT = iphoneos;
				SWIFT_ACTIVE_COMPILATION_CONDITIONS = DEBUG;
				SWIFT_OPTIMIZATION_LEVEL = "-Onone";
			};
			name = Debug;
		};
		84C3316929C2373800622496 /* Release */ = {
			isa = XCBuildConfiguration;
			buildSettings = {
				ALWAYS_SEARCH_USER_PATHS = NO;
				CLANG_ANALYZER_NONNULL = YES;
				CLANG_ANALYZER_NUMBER_OBJECT_CONVERSION = YES_AGGRESSIVE;
				CLANG_CXX_LANGUAGE_STANDARD = "gnu++20";
				CLANG_ENABLE_MODULES = YES;
				CLANG_ENABLE_OBJC_ARC = YES;
				CLANG_ENABLE_OBJC_WEAK = YES;
				CLANG_WARN_BLOCK_CAPTURE_AUTORELEASING = YES;
				CLANG_WARN_BOOL_CONVERSION = YES;
				CLANG_WARN_COMMA = YES;
				CLANG_WARN_CONSTANT_CONVERSION = YES;
				CLANG_WARN_DEPRECATED_OBJC_IMPLEMENTATIONS = YES;
				CLANG_WARN_DIRECT_OBJC_ISA_USAGE = YES_ERROR;
				CLANG_WARN_DOCUMENTATION_COMMENTS = YES;
				CLANG_WARN_EMPTY_BODY = YES;
				CLANG_WARN_ENUM_CONVERSION = YES;
				CLANG_WARN_INFINITE_RECURSION = YES;
				CLANG_WARN_INT_CONVERSION = YES;
				CLANG_WARN_NON_LITERAL_NULL_CONVERSION = YES;
				CLANG_WARN_OBJC_IMPLICIT_RETAIN_SELF = YES;
				CLANG_WARN_OBJC_LITERAL_CONVERSION = YES;
				CLANG_WARN_OBJC_ROOT_CLASS = YES_ERROR;
				CLANG_WARN_QUOTED_INCLUDE_IN_FRAMEWORK_HEADER = YES;
				CLANG_WARN_RANGE_LOOP_ANALYSIS = YES;
				CLANG_WARN_STRICT_PROTOTYPES = YES;
				CLANG_WARN_SUSPICIOUS_MOVE = YES;
				CLANG_WARN_UNGUARDED_AVAILABILITY = YES_AGGRESSIVE;
				CLANG_WARN_UNREACHABLE_CODE = YES;
				CLANG_WARN__DUPLICATE_METHOD_MATCH = YES;
				COPY_PHASE_STRIP = NO;
				DEBUG_INFORMATION_FORMAT = "dwarf-with-dsym";
				ENABLE_NS_ASSERTIONS = NO;
				ENABLE_STRICT_OBJC_MSGSEND = YES;
				GCC_C_LANGUAGE_STANDARD = gnu11;
				GCC_NO_COMMON_BLOCKS = YES;
				GCC_WARN_64_TO_32_BIT_CONVERSION = YES;
				GCC_WARN_ABOUT_RETURN_TYPE = YES_ERROR;
				GCC_WARN_UNDECLARED_SELECTOR = YES;
				GCC_WARN_UNINITIALIZED_AUTOS = YES_AGGRESSIVE;
				GCC_WARN_UNUSED_FUNCTION = YES;
				GCC_WARN_UNUSED_VARIABLE = YES;
				IPHONEOS_DEPLOYMENT_TARGET = 16.2;
				MTL_ENABLE_DEBUG_INFO = NO;
				MTL_FAST_MATH = YES;
				SDKROOT = iphoneos;
				SWIFT_COMPILATION_MODE = wholemodule;
				SWIFT_OPTIMIZATION_LEVEL = "-O";
				VALIDATE_PRODUCT = YES;
			};
			name = Release;
		};
		84C3316B29C2373800622496 /* Debug */ = {
			isa = XCBuildConfiguration;
			baseConfigurationReference = DB152144A0CDB15C6280B85F /* Pods-TestShopApp.debug.xcconfig */;
			buildSettings = {
				ASSETCATALOG_COMPILER_APPICON_NAME = AppIcon;
				ASSETCATALOG_COMPILER_GLOBAL_ACCENT_COLOR_NAME = AccentColor;
				CODE_SIGN_STYLE = Automatic;
				CURRENT_PROJECT_VERSION = 1;
				DEVELOPMENT_TEAM = 9MHYTDB9DP;
				GENERATE_INFOPLIST_FILE = YES;
				INFOPLIST_FILE = TestShopApp/Info.plist;
				INFOPLIST_KEY_UIApplicationSupportsIndirectInputEvents = YES;
				INFOPLIST_KEY_UILaunchStoryboardName = LaunchScreen;
				INFOPLIST_KEY_UIMainStoryboardFile = Main;
				INFOPLIST_KEY_UISupportedInterfaceOrientations = UIInterfaceOrientationPortrait;
				INFOPLIST_KEY_UISupportedInterfaceOrientations_iPad = "UIInterfaceOrientationLandscapeLeft UIInterfaceOrientationLandscapeRight UIInterfaceOrientationPortrait UIInterfaceOrientationPortraitUpsideDown";
				IPHONEOS_DEPLOYMENT_TARGET = 16.2;
				LD_RUNPATH_SEARCH_PATHS = (
					"$(inherited)",
					"@executable_path/Frameworks",
				);
				MARKETING_VERSION = 1.0;
				PRODUCT_BUNDLE_IDENTIFIER = evorontsova.TestShopApp;
				PRODUCT_NAME = "$(TARGET_NAME)";
				SWIFT_EMIT_LOC_STRINGS = YES;
				SWIFT_VERSION = 5.0;
				TARGETED_DEVICE_FAMILY = "1,2";
			};
			name = Debug;
		};
		84C3316C29C2373800622496 /* Release */ = {
			isa = XCBuildConfiguration;
			baseConfigurationReference = 3CA8B46CAE0069FFA1BFFCA2 /* Pods-TestShopApp.release.xcconfig */;
			buildSettings = {
				ASSETCATALOG_COMPILER_APPICON_NAME = AppIcon;
				ASSETCATALOG_COMPILER_GLOBAL_ACCENT_COLOR_NAME = AccentColor;
				CODE_SIGN_STYLE = Automatic;
				CURRENT_PROJECT_VERSION = 1;
				DEVELOPMENT_TEAM = 9MHYTDB9DP;
				GENERATE_INFOPLIST_FILE = YES;
				INFOPLIST_FILE = TestShopApp/Info.plist;
				INFOPLIST_KEY_UIApplicationSupportsIndirectInputEvents = YES;
				INFOPLIST_KEY_UILaunchStoryboardName = LaunchScreen;
				INFOPLIST_KEY_UIMainStoryboardFile = Main;
				INFOPLIST_KEY_UISupportedInterfaceOrientations = UIInterfaceOrientationPortrait;
				INFOPLIST_KEY_UISupportedInterfaceOrientations_iPad = "UIInterfaceOrientationLandscapeLeft UIInterfaceOrientationLandscapeRight UIInterfaceOrientationPortrait UIInterfaceOrientationPortraitUpsideDown";
				IPHONEOS_DEPLOYMENT_TARGET = 16.2;
				LD_RUNPATH_SEARCH_PATHS = (
					"$(inherited)",
					"@executable_path/Frameworks",
				);
				MARKETING_VERSION = 1.0;
				PRODUCT_BUNDLE_IDENTIFIER = evorontsova.TestShopApp;
				PRODUCT_NAME = "$(TARGET_NAME)";
				SWIFT_EMIT_LOC_STRINGS = YES;
				SWIFT_VERSION = 5.0;
				TARGETED_DEVICE_FAMILY = "1,2";
			};
			name = Release;
		};
/* End XCBuildConfiguration section */

/* Begin XCConfigurationList section */
		84C3314E29C2373600622496 /* Build configuration list for PBXProject "TestShopApp" */ = {
			isa = XCConfigurationList;
			buildConfigurations = (
				84C3316829C2373800622496 /* Debug */,
				84C3316929C2373800622496 /* Release */,
			);
			defaultConfigurationIsVisible = 0;
			defaultConfigurationName = Release;
		};
		84C3316A29C2373800622496 /* Build configuration list for PBXNativeTarget "TestShopApp" */ = {
			isa = XCConfigurationList;
			buildConfigurations = (
				84C3316B29C2373800622496 /* Debug */,
				84C3316C29C2373800622496 /* Release */,
			);
			defaultConfigurationIsVisible = 0;
			defaultConfigurationName = Release;
		};
/* End XCConfigurationList section */

/* Begin XCVersionGroup section */
		84C3315F29C2373600622496 /* TestShopApp.xcdatamodeld */ = {
			isa = XCVersionGroup;
			children = (
				84C3316029C2373600622496 /* TestShopApp.xcdatamodel */,
			);
			currentVersion = 84C3316029C2373600622496 /* TestShopApp.xcdatamodel */;
			path = TestShopApp.xcdatamodeld;
			sourceTree = "<group>";
			versionGroupType = wrapper.xcdatamodel;
		};
/* End XCVersionGroup section */
	};
	rootObject = 84C3314B29C2373600622496 /* Project object */;
}
